
Microsoft Visual Studio Solution File, Format Version 12.00
# Visual Studio Version 17
VisualStudioVersion = 17.8.34511.84
MinimumVisualStudioVersion = 10.0.40219.1
Project("{FAE04EC0-301F-11D3-BF4B-00C04F79EFBC}") = "ItemUpdater", "ItemUpdater\ItemUpdater.csproj", "{4027B1D7-CDC7-48A2-8EF0-6DA318F47EE0}"
EndProject
Global
	GlobalSection(SolutionConfigurationPlatforms) = preSolution
		Debug|Any CPU = Debug|Any CPU
		Release|Any CPU = Release|Any CPU
	EndGlobalSection
	GlobalSection(ProjectConfigurationPlatforms) = postSolution
		{4027B1D7-CDC7-48A2-8EF0-6DA318F47EE0}.Debug|Any CPU.ActiveCfg = Debug|Any CPU
		{4027B1D7-CDC7-48A2-8EF0-6DA318F47EE0}.Debug|Any CPU.Build.0 = Debug|Any CPU
		{4027B1D7-CDC7-48A2-8EF0-6DA318F47EE0}.Release|Any CPU.ActiveCfg = Release|Any CPU
		{4027B1D7-CDC7-48A2-8EF0-6DA318F47EE0}.Release|Any CPU.Build.0 = Release|Any CPU
	EndGlobalSection
	GlobalSection(SolutionProperties) = preSolution
		HideSolutionNode = FALSE
	EndGlobalSection
	GlobalSection(ExtensibilityGlobals) = postSolution
		SolutionGuid = {A1010F93-E1DD-4789-B06E-768112117D16}
	EndGlobalSection
EndGlobal
