
Microsoft Visual Studio Solution File, Format Version 12.00
# Visual Studio Version 17
VisualStudioVersion = 17.8.34601.278
MinimumVisualStudioVersion = 10.0.40219.1
Project("{FAE04EC0-301F-11D3-BF4B-00C04F79EFBC}") = "SimpleAuth", "SimpleAuth\SimpleAuth.csproj", "{08977E0B-9578-457F-BBA3-89A9F69C0A80}"
EndProject
Global
	GlobalSection(SolutionConfigurationPlatforms) = preSolution
		Debug|Any CPU = Debug|Any CPU
		Release|Any CPU = Release|Any CPU
	EndGlobalSection
	GlobalSection(ProjectConfigurationPlatforms) = postSolution
		{08977E0B-9578-457F-BBA3-89A9F69C0A80}.Debug|Any CPU.ActiveCfg = Debug|Any CPU
		{08977E0B-9578-457F-BBA3-89A9F69C0A80}.Debug|Any CPU.Build.0 = Debug|Any CPU
		{08977E0B-9578-457F-BBA3-89A9F69C0A80}.Release|Any CPU.ActiveCfg = Release|Any CPU
		{08977E0B-9578-457F-BBA3-89A9F69C0A80}.Release|Any CPU.Build.0 = Release|Any CPU
	EndGlobalSection
	GlobalSection(SolutionProperties) = preSolution
		HideSolutionNode = FALSE
	EndGlobalSection
	GlobalSection(ExtensibilityGlobals) = postSolution
		SolutionGuid = {BD3B2BA6-B68B-4AC4-AA7E-54E2DDCD493B}
	EndGlobalSection
EndGlobal
